// !$*UTF8*$!
{
	archiveVersion = 1;
	classes = {
	};
	objectVersion = 51;
	objects = {

/* Begin PBXBuildFile section */
		3FF8EA9F74A3F36456B43104 /* Pods_Insta.framework in Frameworks */ = {isa = PBXBuildFile; fileRef = 08F3A7076E496AFB0C80887B /* Pods_Insta.framework */; };
		FA89CE212604F9D2004A827D /* AppDelegate.swift in Sources */ = {isa = PBXBuildFile; fileRef = FA89CE202604F9D2004A827D /* AppDelegate.swift */; };
		FA89CE232604F9D2004A827D /* SceneDelegate.swift in Sources */ = {isa = PBXBuildFile; fileRef = FA89CE222604F9D2004A827D /* SceneDelegate.swift */; };
		FA89CE252604F9D2004A827D /* HomeViewController.swift in Sources */ = {isa = PBXBuildFile; fileRef = FA89CE242604F9D2004A827D /* HomeViewController.swift */; };
		FA89CE282604F9D2004A827D /* Main.storyboard in Resources */ = {isa = PBXBuildFile; fileRef = FA89CE262604F9D2004A827D /* Main.storyboard */; };
		FA89CE2A2604F9D9004A827D /* Assets.xcassets in Resources */ = {isa = PBXBuildFile; fileRef = FA89CE292604F9D9004A827D /* Assets.xcassets */; };
		FA89CE2D2604F9D9004A827D /* LaunchScreen.storyboard in Resources */ = {isa = PBXBuildFile; fileRef = FA89CE2B2604F9D9004A827D /* LaunchScreen.storyboard */; };
		FA89CE3D2604FDF7004A827D /* ExploreViewController.swift in Sources */ = {isa = PBXBuildFile; fileRef = FA89CE3C2604FDF7004A827D /* ExploreViewController.swift */; };
		FA89CE402604FEA2004A827D /* CameraViewController.swift in Sources */ = {isa = PBXBuildFile; fileRef = FA89CE3F2604FEA2004A827D /* CameraViewController.swift */; };
		FA89CE442604FF70004A827D /* NotificationsViewController.swift in Sources */ = {isa = PBXBuildFile; fileRef = FA89CE432604FF70004A827D /* NotificationsViewController.swift */; };
		FA89CE472604FF90004A827D /* ProfileViewController.swift in Sources */ = {isa = PBXBuildFile; fileRef = FA89CE462604FF90004A827D /* ProfileViewController.swift */; };
		FA89CE4E260501BC004A827D /* LoginViewController.swift in Sources */ = {isa = PBXBuildFile; fileRef = FA89CE4D260501BC004A827D /* LoginViewController.swift */; };
		FA89CE51260501E1004A827D /* RegistrationViewController.swift in Sources */ = {isa = PBXBuildFile; fileRef = FA89CE50260501E1004A827D /* RegistrationViewController.swift */; };
		FA89CE5426050323004A827D /* PostViewController.swift in Sources */ = {isa = PBXBuildFile; fileRef = FA89CE5326050323004A827D /* PostViewController.swift */; };
		FA89CE572605034F004A827D /* EditProfileViewController.swift in Sources */ = {isa = PBXBuildFile; fileRef = FA89CE562605034F004A827D /* EditProfileViewController.swift */; };
		FA89CE5A2605041E004A827D /* SettingsViewController.swift in Sources */ = {isa = PBXBuildFile; fileRef = FA89CE592605041E004A827D /* SettingsViewController.swift */; };
		FA89CE5D26050473004A827D /* ListViewController.swift in Sources */ = {isa = PBXBuildFile; fileRef = FA89CE5C26050473004A827D /* ListViewController.swift */; };
		FA89CE6026050557004A827D /* SearchViewController.swift in Sources */ = {isa = PBXBuildFile; fileRef = FA89CE5F26050557004A827D /* SearchViewController.swift */; };
		FA89CE6326050574004A827D /* SearchResultViewController.swift in Sources */ = {isa = PBXBuildFile; fileRef = FA89CE6226050574004A827D /* SearchResultViewController.swift */; };
		FA89CE66260505CB004A827D /* PostEditorViewController.swift in Sources */ = {isa = PBXBuildFile; fileRef = FA89CE65260505CB004A827D /* PostEditorViewController.swift */; };
		FA89CE6926050608004A827D /* PublishPostViewController.swift in Sources */ = {isa = PBXBuildFile; fileRef = FA89CE6826050608004A827D /* PublishPostViewController.swift */; };
		FA89CE6C2605D437004A827D /* GoogleService-Info.plist in Resources */ = {isa = PBXBuildFile; fileRef = FA89CE6B2605D436004A827D /* GoogleService-Info.plist */; };
		FA89CE852605EE4F004A827D /* DatabaseManager.swift in Sources */ = {isa = PBXBuildFile; fileRef = FA89CE842605EE4F004A827D /* DatabaseManager.swift */; };
		FA89CE882605F071004A827D /* AuthManager.swift in Sources */ = {isa = PBXBuildFile; fileRef = FA89CE872605F071004A827D /* AuthManager.swift */; };
		FA89CE8B2605F12E004A827D /* StorageManager.swift in Sources */ = {isa = PBXBuildFile; fileRef = FA89CE8A2605F12E004A827D /* StorageManager.swift */; };
/* End PBXBuildFile section */

/* Begin PBXFileReference section */
		08F3A7076E496AFB0C80887B /* Pods_Insta.framework */ = {isa = PBXFileReference; explicitFileType = wrapper.framework; includeInIndex = 0; path = Pods_Insta.framework; sourceTree = BUILT_PRODUCTS_DIR; };
		BEF14AEBB96A64AA1C916242 /* Pods-Insta.debug.xcconfig */ = {isa = PBXFileReference; includeInIndex = 1; lastKnownFileType = text.xcconfig; name = "Pods-Insta.debug.xcconfig"; path = "Target Support Files/Pods-Insta/Pods-Insta.debug.xcconfig"; sourceTree = "<group>"; };
		F9305F96689D60D4124626C0 /* Pods-Insta.release.xcconfig */ = {isa = PBXFileReference; includeInIndex = 1; lastKnownFileType = text.xcconfig; name = "Pods-Insta.release.xcconfig"; path = "Target Support Files/Pods-Insta/Pods-Insta.release.xcconfig"; sourceTree = "<group>"; };
		FA89CE1D2604F9D2004A827D /* Insta.app */ = {isa = PBXFileReference; explicitFileType = wrapper.application; includeInIndex = 0; path = Insta.app; sourceTree = BUILT_PRODUCTS_DIR; };
		FA89CE202604F9D2004A827D /* AppDelegate.swift */ = {isa = PBXFileReference; lastKnownFileType = sourcecode.swift; path = AppDelegate.swift; sourceTree = "<group>"; };
		FA89CE222604F9D2004A827D /* SceneDelegate.swift */ = {isa = PBXFileReference; lastKnownFileType = sourcecode.swift; path = SceneDelegate.swift; sourceTree = "<group>"; };
		FA89CE242604F9D2004A827D /* HomeViewController.swift */ = {isa = PBXFileReference; lastKnownFileType = sourcecode.swift; path = HomeViewController.swift; sourceTree = "<group>"; };
		FA89CE272604F9D2004A827D /* Base */ = {isa = PBXFileReference; lastKnownFileType = file.storyboard; name = Base; path = Base.lproj/Main.storyboard; sourceTree = "<group>"; };
		FA89CE292604F9D9004A827D /* Assets.xcassets */ = {isa = PBXFileReference; lastKnownFileType = folder.assetcatalog; path = Assets.xcassets; sourceTree = "<group>"; };
		FA89CE2C2604F9D9004A827D /* Base */ = {isa = PBXFileReference; lastKnownFileType = file.storyboard; name = Base; path = Base.lproj/LaunchScreen.storyboard; sourceTree = "<group>"; };
		FA89CE2E2604F9D9004A827D /* Info.plist */ = {isa = PBXFileReference; lastKnownFileType = text.plist.xml; path = Info.plist; sourceTree = "<group>"; };
		FA89CE3C2604FDF7004A827D /* ExploreViewController.swift */ = {isa = PBXFileReference; lastKnownFileType = sourcecode.swift; path = ExploreViewController.swift; sourceTree = "<group>"; };
		FA89CE3F2604FEA2004A827D /* CameraViewController.swift */ = {isa = PBXFileReference; lastKnownFileType = sourcecode.swift; path = CameraViewController.swift; sourceTree = "<group>"; };
		FA89CE432604FF70004A827D /* NotificationsViewController.swift */ = {isa = PBXFileReference; lastKnownFileType = sourcecode.swift; path = NotificationsViewController.swift; sourceTree = "<group>"; };
		FA89CE462604FF90004A827D /* ProfileViewController.swift */ = {isa = PBXFileReference; lastKnownFileType = sourcecode.swift; path = ProfileViewController.swift; sourceTree = "<group>"; };
		FA89CE4D260501BC004A827D /* LoginViewController.swift */ = {isa = PBXFileReference; lastKnownFileType = sourcecode.swift; path = LoginViewController.swift; sourceTree = "<group>"; };
		FA89CE50260501E1004A827D /* RegistrationViewController.swift */ = {isa = PBXFileReference; lastKnownFileType = sourcecode.swift; path = RegistrationViewController.swift; sourceTree = "<group>"; };
		FA89CE5326050323004A827D /* PostViewController.swift */ = {isa = PBXFileReference; lastKnownFileType = sourcecode.swift; path = PostViewController.swift; sourceTree = "<group>"; };
		FA89CE562605034F004A827D /* EditProfileViewController.swift */ = {isa = PBXFileReference; lastKnownFileType = sourcecode.swift; path = EditProfileViewController.swift; sourceTree = "<group>"; };
		FA89CE592605041E004A827D /* SettingsViewController.swift */ = {isa = PBXFileReference; lastKnownFileType = sourcecode.swift; path = SettingsViewController.swift; sourceTree = "<group>"; };
		FA89CE5C26050473004A827D /* ListViewController.swift */ = {isa = PBXFileReference; lastKnownFileType = sourcecode.swift; path = ListViewController.swift; sourceTree = "<group>"; };
		FA89CE5F26050557004A827D /* SearchViewController.swift */ = {isa = PBXFileReference; lastKnownFileType = sourcecode.swift; path = SearchViewController.swift; sourceTree = "<group>"; };
		FA89CE6226050574004A827D /* SearchResultViewController.swift */ = {isa = PBXFileReference; lastKnownFileType = sourcecode.swift; path = SearchResultViewController.swift; sourceTree = "<group>"; };
		FA89CE65260505CB004A827D /* PostEditorViewController.swift */ = {isa = PBXFileReference; lastKnownFileType = sourcecode.swift; path = PostEditorViewController.swift; sourceTree = "<group>"; };
		FA89CE6826050608004A827D /* PublishPostViewController.swift */ = {isa = PBXFileReference; lastKnownFileType = sourcecode.swift; path = PublishPostViewController.swift; sourceTree = "<group>"; };
		FA89CE6B2605D436004A827D /* GoogleService-Info.plist */ = {isa = PBXFileReference; fileEncoding = 4; lastKnownFileType = text.plist.xml; path = "GoogleService-Info.plist"; sourceTree = "<group>"; };
		FA89CE842605EE4F004A827D /* DatabaseManager.swift */ = {isa = PBXFileReference; lastKnownFileType = sourcecode.swift; path = DatabaseManager.swift; sourceTree = "<group>"; };
		FA89CE872605F071004A827D /* AuthManager.swift */ = {isa = PBXFileReference; lastKnownFileType = sourcecode.swift; path = AuthManager.swift; sourceTree = "<group>"; };
		FA89CE8A2605F12E004A827D /* StorageManager.swift */ = {isa = PBXFileReference; lastKnownFileType = sourcecode.swift; path = StorageManager.swift; sourceTree = "<group>"; };
/* End PBXFileReference section */

/* Begin PBXFrameworksBuildPhase section */
		FA89CE1A2604F9D2004A827D /* Frameworks */ = {
			isa = PBXFrameworksBuildPhase;
			buildActionMask = 2147483647;
			files = (
				3FF8EA9F74A3F36456B43104 /* Pods_Insta.framework in Frameworks */,
			);
			runOnlyForDeploymentPostprocessing = 0;
		};
/* End PBXFrameworksBuildPhase section */

/* Begin PBXGroup section */
		1E594F6703576C43EB4BA8FF /* Frameworks */ = {
			isa = PBXGroup;
			children = (
				08F3A7076E496AFB0C80887B /* Pods_Insta.framework */,
			);
			name = Frameworks;
			sourceTree = "<group>";
		};
		330DC470C02AF4D9BCF4CECF /* Pods */ = {
			isa = PBXGroup;
			children = (
				BEF14AEBB96A64AA1C916242 /* Pods-Insta.debug.xcconfig */,
				F9305F96689D60D4124626C0 /* Pods-Insta.release.xcconfig */,
			);
			path = Pods;
			sourceTree = "<group>";
		};
		FA89CE142604F9D2004A827D = {
			isa = PBXGroup;
			children = (
				FA89CE1F2604F9D2004A827D /* Insta */,
				FA89CE1E2604F9D2004A827D /* Products */,
				330DC470C02AF4D9BCF4CECF /* Pods */,
				1E594F6703576C43EB4BA8FF /* Frameworks */,
			);
			sourceTree = "<group>";
		};
		FA89CE1E2604F9D2004A827D /* Products */ = {
			isa = PBXGroup;
			children = (
				FA89CE1D2604F9D2004A827D /* Insta.app */,
			);
			name = Products;
			sourceTree = "<group>";
		};
		FA89CE1F2604F9D2004A827D /* Insta */ = {
			isa = PBXGroup;
			children = (
				FA89CE352604FC01004A827D /* Resources */,
				FA89CE362604FC14004A827D /* Models */,
				FA89CE372604FC1F004A827D /* Views */,
				FA89CE382604FC29004A827D /* Controllers */,
				FA89CE2E2604F9D9004A827D /* Info.plist */,
				FA89CE6B2605D436004A827D /* GoogleService-Info.plist */,
			);
			path = Insta;
			sourceTree = "<group>";
		};
		FA89CE352604FC01004A827D /* Resources */ = {
			isa = PBXGroup;
			children = (
				FA89CE202604F9D2004A827D /* AppDelegate.swift */,
				FA89CE222604F9D2004A827D /* SceneDelegate.swift */,
				FA89CE842605EE4F004A827D /* DatabaseManager.swift */,
				FA89CE872605F071004A827D /* AuthManager.swift */,
				FA89CE8A2605F12E004A827D /* StorageManager.swift */,
			);
			path = Resources;
			sourceTree = "<group>";
		};
		FA89CE362604FC14004A827D /* Models */ = {
			isa = PBXGroup;
			children = (
			);
			path = Models;
			sourceTree = "<group>";
		};
		FA89CE372604FC1F004A827D /* Views */ = {
			isa = PBXGroup;
			children = (
				FA89CE292604F9D9004A827D /* Assets.xcassets */,
				FA89CE392604FC95004A827D /* Storyboards */,
			);
			path = Views;
			sourceTree = "<group>";
		};
		FA89CE382604FC29004A827D /* Controllers */ = {
			isa = PBXGroup;
			children = (
				FA89CE4B2605016C004A827D /* Other */,
				FA89CE492604FFDA004A827D /* Core Tabs */,
			);
			path = Controllers;
			sourceTree = "<group>";
		};
		FA89CE392604FC95004A827D /* Storyboards */ = {
			isa = PBXGroup;
			children = (
				FA89CE262604F9D2004A827D /* Main.storyboard */,
				FA89CE2B2604F9D9004A827D /* LaunchScreen.storyboard */,
			);
			path = Storyboards;
			sourceTree = "<group>";
		};
		FA89CE492604FFDA004A827D /* Core Tabs */ = {
			isa = PBXGroup;
			children = (
				FA89CE242604F9D2004A827D /* HomeViewController.swift */,
				FA89CE3C2604FDF7004A827D /* ExploreViewController.swift */,
				FA89CE3F2604FEA2004A827D /* CameraViewController.swift */,
				FA89CE432604FF70004A827D /* NotificationsViewController.swift */,
				FA89CE462604FF90004A827D /* ProfileViewController.swift */,
			);
			path = "Core Tabs";
			sourceTree = "<group>";
		};
		FA89CE4B2605016C004A827D /* Other */ = {
			isa = PBXGroup;
			children = (
				FA89CE4C26050178004A827D /* Onboarding */,
				FA89CE822605EC94004A827D /* General */,
			);
			path = Other;
			sourceTree = "<group>";
		};
		FA89CE4C26050178004A827D /* Onboarding */ = {
			isa = PBXGroup;
			children = (
				FA89CE4D260501BC004A827D /* LoginViewController.swift */,
				FA89CE50260501E1004A827D /* RegistrationViewController.swift */,
			);
			path = Onboarding;
			sourceTree = "<group>";
		};
		FA89CE822605EC94004A827D /* General */ = {
			isa = PBXGroup;
			children = (
				FA89CE5326050323004A827D /* PostViewController.swift */,
				FA89CE562605034F004A827D /* EditProfileViewController.swift */,
				FA89CE592605041E004A827D /* SettingsViewController.swift */,
				FA89CE5C26050473004A827D /* ListViewController.swift */,
				FA89CE5F26050557004A827D /* SearchViewController.swift */,
				FA89CE6226050574004A827D /* SearchResultViewController.swift */,
				FA89CE65260505CB004A827D /* PostEditorViewController.swift */,
				FA89CE6826050608004A827D /* PublishPostViewController.swift */,
			);
			path = General;
			sourceTree = "<group>";
		};
/* End PBXGroup section */

/* Begin PBXNativeTarget section */
		FA89CE1C2604F9D2004A827D /* Insta */ = {
			isa = PBXNativeTarget;
			buildConfigurationList = FA89CE312604F9D9004A827D /* Build configuration list for PBXNativeTarget "Insta" */;
			buildPhases = (
				D7F88EDC44D392B3B48AB90A /* [CP] Check Pods Manifest.lock */,
				FA89CE192604F9D2004A827D /* Sources */,
				FA89CE1A2604F9D2004A827D /* Frameworks */,
				FA89CE1B2604F9D2004A827D /* Resources */,
				859596917085575B442CEB6D /* [CP] Embed Pods Frameworks */,
			);
			buildRules = (
			);
			dependencies = (
			);
			name = Insta;
			productName = Insta;
			productReference = FA89CE1D2604F9D2004A827D /* Insta.app */;
			productType = "com.apple.product-type.application";
		};
/* End PBXNativeTarget section */

/* Begin PBXProject section */
		FA89CE152604F9D2004A827D /* Project object */ = {
			isa = PBXProject;
			attributes = {
				LastSwiftUpdateCheck = 1240;
				LastUpgradeCheck = 1240;
				TargetAttributes = {
					FA89CE1C2604F9D2004A827D = {
						CreatedOnToolsVersion = 12.4;
					};
				};
			};
			buildConfigurationList = FA89CE182604F9D2004A827D /* Build configuration list for PBXProject "Insta" */;
			compatibilityVersion = "Xcode 9.3";
			developmentRegion = en;
			hasScannedForEncodings = 0;
			knownRegions = (
				en,
				Base,
			);
			mainGroup = FA89CE142604F9D2004A827D;
			productRefGroup = FA89CE1E2604F9D2004A827D /* Products */;
			projectDirPath = "";
			projectRoot = "";
			targets = (
				FA89CE1C2604F9D2004A827D /* Insta */,
			);
		};
/* End PBXProject section */

/* Begin PBXResourcesBuildPhase section */
		FA89CE1B2604F9D2004A827D /* Resources */ = {
			isa = PBXResourcesBuildPhase;
			buildActionMask = 2147483647;
			files = (
				FA89CE2D2604F9D9004A827D /* LaunchScreen.storyboard in Resources */,
				FA89CE6C2605D437004A827D /* GoogleService-Info.plist in Resources */,
				FA89CE2A2604F9D9004A827D /* Assets.xcassets in Resources */,
				FA89CE282604F9D2004A827D /* Main.storyboard in Resources */,
			);
			runOnlyForDeploymentPostprocessing = 0;
		};
/* End PBXResourcesBuildPhase section */

/* Begin PBXShellScriptBuildPhase section */
		859596917085575B442CEB6D /* [CP] Embed Pods Frameworks */ = {
			isa = PBXShellScriptBuildPhase;
			buildActionMask = 2147483647;
			files = (
			);
			inputFileListPaths = (
				"${PODS_ROOT}/Target Support Files/Pods-Insta/Pods-Insta-frameworks-${CONFIGURATION}-input-files.xcfilelist",
			);
			name = "[CP] Embed Pods Frameworks";
			outputFileListPaths = (
				"${PODS_ROOT}/Target Support Files/Pods-Insta/Pods-Insta-frameworks-${CONFIGURATION}-output-files.xcfilelist",
			);
			runOnlyForDeploymentPostprocessing = 0;
			shellPath = /bin/sh;
			shellScript = "\"${PODS_ROOT}/Target Support Files/Pods-Insta/Pods-Insta-frameworks.sh\"\n";
			showEnvVarsInLog = 0;
		};
		D7F88EDC44D392B3B48AB90A /* [CP] Check Pods Manifest.lock */ = {
			isa = PBXShellScriptBuildPhase;
			buildActionMask = 2147483647;
			files = (
			);
			inputFileListPaths = (
			);
			inputPaths = (
				"${PODS_PODFILE_DIR_PATH}/Podfile.lock",
				"${PODS_ROOT}/Manifest.lock",
			);
			name = "[CP] Check Pods Manifest.lock";
			outputFileListPaths = (
			);
			outputPaths = (
				"$(DERIVED_FILE_DIR)/Pods-Insta-checkManifestLockResult.txt",
			);
			runOnlyForDeploymentPostprocessing = 0;
			shellPath = /bin/sh;
			shellScript = "diff \"${PODS_PODFILE_DIR_PATH}/Podfile.lock\" \"${PODS_ROOT}/Manifest.lock\" > /dev/null\nif [ $? != 0 ] ; then\n    # print error to STDERR\n    echo \"error: The sandbox is not in sync with the Podfile.lock. Run 'pod install' or update your CocoaPods installation.\" >&2\n    exit 1\nfi\n# This output is used by Xcode 'outputs' to avoid re-running this script phase.\necho \"SUCCESS\" > \"${SCRIPT_OUTPUT_FILE_0}\"\n";
			showEnvVarsInLog = 0;
		};
/* End PBXShellScriptBuildPhase section */

/* Begin PBXSourcesBuildPhase section */
		FA89CE192604F9D2004A827D /* Sources */ = {
			isa = PBXSourcesBuildPhase;
			buildActionMask = 2147483647;
			files = (
				FA89CE572605034F004A827D /* EditProfileViewController.swift in Sources */,
				FA89CE3D2604FDF7004A827D /* ExploreViewController.swift in Sources */,
				FA89CE6926050608004A827D /* PublishPostViewController.swift in Sources */,
				FA89CE252604F9D2004A827D /* HomeViewController.swift in Sources */,
				FA89CE212604F9D2004A827D /* AppDelegate.swift in Sources */,
				FA89CE51260501E1004A827D /* RegistrationViewController.swift in Sources */,
				FA89CE66260505CB004A827D /* PostEditorViewController.swift in Sources */,
				FA89CE8B2605F12E004A827D /* StorageManager.swift in Sources */,
				FA89CE5426050323004A827D /* PostViewController.swift in Sources */,
				FA89CE852605EE4F004A827D /* DatabaseManager.swift in Sources */,
				FA89CE442604FF70004A827D /* NotificationsViewController.swift in Sources */,
				FA89CE6326050574004A827D /* SearchResultViewController.swift in Sources */,
				FA89CE4E260501BC004A827D /* LoginViewController.swift in Sources */,
				FA89CE6026050557004A827D /* SearchViewController.swift in Sources */,
				FA89CE472604FF90004A827D /* ProfileViewController.swift in Sources */,
				FA89CE882605F071004A827D /* AuthManager.swift in Sources */,
				FA89CE232604F9D2004A827D /* SceneDelegate.swift in Sources */,
				FA89CE402604FEA2004A827D /* CameraViewController.swift in Sources */,
				FA89CE5D26050473004A827D /* ListViewController.swift in Sources */,
				FA89CE5A2605041E004A827D /* SettingsViewController.swift in Sources */,
			);
			runOnlyForDeploymentPostprocessing = 0;
		};
/* End PBXSourcesBuildPhase section */

/* Begin PBXVariantGroup section */
		FA89CE262604F9D2004A827D /* Main.storyboard */ = {
			isa = PBXVariantGroup;
			children = (
				FA89CE272604F9D2004A827D /* Base */,
			);
			name = Main.storyboard;
			sourceTree = "<group>";
		};
		FA89CE2B2604F9D9004A827D /* LaunchScreen.storyboard */ = {
			isa = PBXVariantGroup;
			children = (
				FA89CE2C2604F9D9004A827D /* Base */,
			);
			name = LaunchScreen.storyboard;
			sourceTree = "<group>";
		};
/* End PBXVariantGroup section */

/* Begin XCBuildConfiguration section */
		FA89CE2F2604F9D9004A827D /* Debug */ = {
			isa = XCBuildConfiguration;
			buildSettings = {
				ALWAYS_SEARCH_USER_PATHS = NO;
				CLANG_ANALYZER_NONNULL = YES;
				CLANG_ANALYZER_NUMBER_OBJECT_CONVERSION = YES_AGGRESSIVE;
				CLANG_CXX_LANGUAGE_STANDARD = "gnu++14";
				CLANG_CXX_LIBRARY = "libc++";
				CLANG_ENABLE_MODULES = YES;
				CLANG_ENABLE_OBJC_ARC = YES;
				CLANG_ENABLE_OBJC_WEAK = YES;
				CLANG_WARN_BLOCK_CAPTURE_AUTORELEASING = YES;
				CLANG_WARN_BOOL_CONVERSION = YES;
				CLANG_WARN_COMMA = YES;
				CLANG_WARN_CONSTANT_CONVERSION = YES;
				CLANG_WARN_DEPRECATED_OBJC_IMPLEMENTATIONS = YES;
				CLANG_WARN_DIRECT_OBJC_ISA_USAGE = YES_ERROR;
				CLANG_WARN_DOCUMENTATION_COMMENTS = YES;
				CLANG_WARN_EMPTY_BODY = YES;
				CLANG_WARN_ENUM_CONVERSION = YES;
				CLANG_WARN_INFINITE_RECURSION = YES;
				CLANG_WARN_INT_CONVERSION = YES;
				CLANG_WARN_NON_LITERAL_NULL_CONVERSION = YES;
				CLANG_WARN_OBJC_IMPLICIT_RETAIN_SELF = YES;
				CLANG_WARN_OBJC_LITERAL_CONVERSION = YES;
				CLANG_WARN_OBJC_ROOT_CLASS = YES_ERROR;
				CLANG_WARN_QUOTED_INCLUDE_IN_FRAMEWORK_HEADER = YES;
				CLANG_WARN_RANGE_LOOP_ANALYSIS = YES;
				CLANG_WARN_STRICT_PROTOTYPES = YES;
				CLANG_WARN_SUSPICIOUS_MOVE = YES;
				CLANG_WARN_UNGUARDED_AVAILABILITY = YES_AGGRESSIVE;
				CLANG_WARN_UNREACHABLE_CODE = YES;
				CLANG_WARN__DUPLICATE_METHOD_MATCH = YES;
				COPY_PHASE_STRIP = NO;
				DEBUG_INFORMATION_FORMAT = dwarf;
				ENABLE_STRICT_OBJC_MSGSEND = YES;
				ENABLE_TESTABILITY = YES;
				GCC_C_LANGUAGE_STANDARD = gnu11;
				GCC_DYNAMIC_NO_PIC = NO;
				GCC_NO_COMMON_BLOCKS = YES;
				GCC_OPTIMIZATION_LEVEL = 0;
				GCC_PREPROCESSOR_DEFINITIONS = (
					"DEBUG=1",
					"$(inherited)",
				);
				GCC_WARN_64_TO_32_BIT_CONVERSION = YES;
				GCC_WARN_ABOUT_RETURN_TYPE = YES_ERROR;
				GCC_WARN_UNDECLARED_SELECTOR = YES;
				GCC_WARN_UNINITIALIZED_AUTOS = YES_AGGRESSIVE;
				GCC_WARN_UNUSED_FUNCTION = YES;
				GCC_WARN_UNUSED_VARIABLE = YES;
				IPHONEOS_DEPLOYMENT_TARGET = 14.4;
				MTL_ENABLE_DEBUG_INFO = INCLUDE_SOURCE;
				MTL_FAST_MATH = YES;
				ONLY_ACTIVE_ARCH = YES;
				SDKROOT = iphoneos;
				SWIFT_ACTIVE_COMPILATION_CONDITIONS = DEBUG;
				SWIFT_OPTIMIZATION_LEVEL = "-Onone";
			};
			name = Debug;
		};
		FA89CE302604F9D9004A827D /* Release */ = {
			isa = XCBuildConfiguration;
			buildSettings = {
				ALWAYS_SEARCH_USER_PATHS = NO;
				CLANG_ANALYZER_NONNULL = YES;
				CLANG_ANALYZER_NUMBER_OBJECT_CONVERSION = YES_AGGRESSIVE;
				CLANG_CXX_LANGUAGE_STANDARD = "gnu++14";
				CLANG_CXX_LIBRARY = "libc++";
				CLANG_ENABLE_MODULES = YES;
				CLANG_ENABLE_OBJC_ARC = YES;
				CLANG_ENABLE_OBJC_WEAK = YES;
				CLANG_WARN_BLOCK_CAPTURE_AUTORELEASING = YES;
				CLANG_WARN_BOOL_CONVERSION = YES;
				CLANG_WARN_COMMA = YES;
				CLANG_WARN_CONSTANT_CONVERSION = YES;
				CLANG_WARN_DEPRECATED_OBJC_IMPLEMENTATIONS = YES;
				CLANG_WARN_DIRECT_OBJC_ISA_USAGE = YES_ERROR;
				CLANG_WARN_DOCUMENTATION_COMMENTS = YES;
				CLANG_WARN_EMPTY_BODY = YES;
				CLANG_WARN_ENUM_CONVERSION = YES;
				CLANG_WARN_INFINITE_RECURSION = YES;
				CLANG_WARN_INT_CONVERSION = YES;
				CLANG_WARN_NON_LITERAL_NULL_CONVERSION = YES;
				CLANG_WARN_OBJC_IMPLICIT_RETAIN_SELF = YES;
				CLANG_WARN_OBJC_LITERAL_CONVERSION = YES;
				CLANG_WARN_OBJC_ROOT_CLASS = YES_ERROR;
				CLANG_WARN_QUOTED_INCLUDE_IN_FRAMEWORK_HEADER = YES;
				CLANG_WARN_RANGE_LOOP_ANALYSIS = YES;
				CLANG_WARN_STRICT_PROTOTYPES = YES;
				CLANG_WARN_SUSPICIOUS_MOVE = YES;
				CLANG_WARN_UNGUARDED_AVAILABILITY = YES_AGGRESSIVE;
				CLANG_WARN_UNREACHABLE_CODE = YES;
				CLANG_WARN__DUPLICATE_METHOD_MATCH = YES;
				COPY_PHASE_STRIP = NO;
				DEBUG_INFORMATION_FORMAT = "dwarf-with-dsym";
				ENABLE_NS_ASSERTIONS = NO;
				ENABLE_STRICT_OBJC_MSGSEND = YES;
				GCC_C_LANGUAGE_STANDARD = gnu11;
				GCC_NO_COMMON_BLOCKS = YES;
				GCC_WARN_64_TO_32_BIT_CONVERSION = YES;
				GCC_WARN_ABOUT_RETURN_TYPE = YES_ERROR;
				GCC_WARN_UNDECLARED_SELECTOR = YES;
				GCC_WARN_UNINITIALIZED_AUTOS = YES_AGGRESSIVE;
				GCC_WARN_UNUSED_FUNCTION = YES;
				GCC_WARN_UNUSED_VARIABLE = YES;
				IPHONEOS_DEPLOYMENT_TARGET = 14.4;
				MTL_ENABLE_DEBUG_INFO = NO;
				MTL_FAST_MATH = YES;
				SDKROOT = iphoneos;
				SWIFT_COMPILATION_MODE = wholemodule;
				SWIFT_OPTIMIZATION_LEVEL = "-O";
				VALIDATE_PRODUCT = YES;
			};
			name = Release;
		};
		FA89CE322604F9D9004A827D /* Debug */ = {
			isa = XCBuildConfiguration;
			baseConfigurationReference = BEF14AEBB96A64AA1C916242 /* Pods-Insta.debug.xcconfig */;
			buildSettings = {
				ASSETCATALOG_COMPILER_APPICON_NAME = AppIcon;
				ASSETCATALOG_COMPILER_GLOBAL_ACCENT_COLOR_NAME = AccentColor;
				CODE_SIGN_STYLE = Automatic;
				DEVELOPMENT_TEAM = 573CM7Y6R3;
				INFOPLIST_FILE = Insta/Info.plist;
				LD_RUNPATH_SEARCH_PATHS = (
					"$(inherited)",
					"@executable_path/Frameworks",
				);
				PRODUCT_BUNDLE_IDENTIFIER = com.Insta;
				PRODUCT_NAME = "$(TARGET_NAME)";
				SWIFT_VERSION = 5.0;
				TARGETED_DEVICE_FAMILY = "1,2";
			};
			name = Debug;
		};
		FA89CE332604F9D9004A827D /* Release */ = {
			isa = XCBuildConfiguration;
			baseConfigurationReference = F9305F96689D60D4124626C0 /* Pods-Insta.release.xcconfig */;
			buildSettings = {
				ASSETCATALOG_COMPILER_APPICON_NAME = AppIcon;
				ASSETCATALOG_COMPILER_GLOBAL_ACCENT_COLOR_NAME = AccentColor;
				CODE_SIGN_STYLE = Automatic;
				DEVELOPMENT_TEAM = 573CM7Y6R3;
				INFOPLIST_FILE = Insta/Info.plist;
				LD_RUNPATH_SEARCH_PATHS = (
					"$(inherited)",
					"@executable_path/Frameworks",
				);
				PRODUCT_BUNDLE_IDENTIFIER = com.Insta;
				PRODUCT_NAME = "$(TARGET_NAME)";
				SWIFT_VERSION = 5.0;
				TARGETED_DEVICE_FAMILY = "1,2";
			};
			name = Release;
		};
/* End XCBuildConfiguration section */

/* Begin XCConfigurationList section */
		FA89CE182604F9D2004A827D /* Build configuration list for PBXProject "Insta" */ = {
			isa = XCConfigurationList;
			buildConfigurations = (
				FA89CE2F2604F9D9004A827D /* Debug */,
				FA89CE302604F9D9004A827D /* Release */,
			);
			defaultConfigurationIsVisible = 0;
			defaultConfigurationName = Release;
		};
		FA89CE312604F9D9004A827D /* Build configuration list for PBXNativeTarget "Insta" */ = {
			isa = XCConfigurationList;
			buildConfigurations = (
				FA89CE322604F9D9004A827D /* Debug */,
				FA89CE332604F9D9004A827D /* Release */,
			);
			defaultConfigurationIsVisible = 0;
			defaultConfigurationName = Release;
		};
/* End XCConfigurationList section */
	};
	rootObject = FA89CE152604F9D2004A827D /* Project object */;
}
